
Microsoft Visual Studio Solution File, Format Version 12.00
# Visual Studio Version 16
VisualStudioVersion = 16.0.31005.135
MinimumVisualStudioVersion = 10.0.40219.1
Project("{FAE04EC0-301F-11D3-BF4B-00C04F79EFBC}") = "WebAPIConsumption", "WebAPIConsumption\WebAPIConsumption.csproj", "{56B4D81B-CEC0-458A-B061-AB32EFD20376}"
EndProject
Global
	GlobalSection(SolutionConfigurationPlatforms) = preSolution
		Debug|Any CPU = Debug|Any CPU
		Release|Any CPU = Release|Any CPU
	EndGlobalSection
	GlobalSection(ProjectConfigurationPlatforms) = postSolution
		{56B4D81B-CEC0-458A-B061-AB32EFD20376}.Debug|Any CPU.ActiveCfg = Debug|Any CPU
		{56B4D81B-CEC0-458A-B061-AB32EFD20376}.Debug|Any CPU.Build.0 = Debug|Any CPU
		{56B4D81B-CEC0-458A-B061-AB32EFD20376}.Release|Any CPU.ActiveCfg = Release|Any CPU
		{56B4D81B-CEC0-458A-B061-AB32EFD20376}.Release|Any CPU.Build.0 = Release|Any CPU
	EndGlobalSection
	GlobalSection(SolutionProperties) = preSolution
		HideSolutionNode = FALSE
	EndGlobalSection
	GlobalSection(ExtensibilityGlobals) = postSolution
		SolutionGuid = {67C9924D-24C2-4291-91CB-9B966D95A4A3}
	EndGlobalSection
EndGlobal
